lockfileVersion: '9.0'

settings:
  autoInstallPeers: true
  excludeLinksFromLockfile: false

importers:

  .:
    dependencies:
      tdesign-miniprogram:
        specifier: ^1.8.8
        version: 1.8.8
    devDependencies:
      '@biomejs/biome':
        specifier: 1.7.2
        version: 1.7.2
      miniprogram-api-typings:
        specifier: ^4.0.5
        version: 4.0.5
      typescript:
        specifier: ^5.8.2
        version: 5.8.2

packages:

  '@biomejs/biome@1.7.2':
    resolution: {integrity: sha512-6Skx9N47inLQzYi9RKgJ7PBnUnaHnMe/imqX43cOcJjZtfMnQLxEvfM2Eyo7gChkwrZlwc+VbA4huFRjw2fsYA==}
    engines: {node: '>=14.21.3'}
    hasBin: true

  '@biomejs/cli-darwin-arm64@1.7.2':
    resolution: {integrity: sha512-CrldIueHivWEWmeTkK8bTXajeX53F8i2Rrkkt8cPZyMtzkrwxf8Riq4a/jz3SQBHkxHFT4TqGbSTNMXe3X1ogA==}
    engines: {node: '>=14.21.3'}
    cpu: [arm64]
    os: [darwin]

  '@biomejs/cli-darwin-x64@1.7.2':
    resolution: {integrity: sha512-UELnLJuJOsTL9meArvn8BtiXDURyPil2Ej9me2uVpEvee8UQdqd/bssP5we400OWShlL1AAML4fn6d2WX5332g==}
    engines: {node: '>=14.21.3'}
    cpu: [x64]
    os: [darwin]

  '@biomejs/cli-linux-arm64-musl@1.7.2':
    resolution: {integrity: sha512-kKYZiem7Sj7wI0dpVxJlK7C+TFQwzO/ctufIGXGJAyEmUe9vEKSzV8CXpv+JIRiTWyqaZJ4K+eHz4SPdPCv05w==}
    engines: {node: '>=14.21.3'}
    cpu: [arm64]
    os: [linux]

  '@biomejs/cli-linux-arm64@1.7.2':
    resolution: {integrity: sha512-Z1CSGQE6fHz55gkiFHv9E8wEAaSUd7dHSRaxSCBa7utonHqpIeMbvj3Evm1w0WfGLFDtRXLV1fTfEdM0FMTOhA==}
    engines: {node: '>=14.21.3'}
    cpu: [arm64]
    os: [linux]

  '@biomejs/cli-linux-x64-musl@1.7.2':
    resolution: {integrity: sha512-x10LpGMepDrLS+h2TZ6/T7egpHjGKtiI4GuShNylmBQJWfTotbFf9eseHggrqJ4WZf9yrGoVYrtbxXftuB95sQ==}
    engines: {node: '>=14.21.3'}
    cpu: [x64]
    os: [linux]

  '@biomejs/cli-linux-x64@1.7.2':
    resolution: {integrity: sha512-vXXyox8/CQijBxAu0+r8FfSO7JlC4tob3PbaFda8gPJFRz2uFJw39HtxVUwbTV1EcU6wSPh4SiRu5sZfP1VHrQ==}
    engines: {node: '>=14.21.3'}
    cpu: [x64]
    os: [linux]

  '@biomejs/cli-win32-arm64@1.7.2':
    resolution: {integrity: sha512-kRXdlKzcU7INf6/ldu0nVmkOgt7bKqmyXRRCUqqaJfA32+9InTbkD8tGrHZEVYIWr+eTuKcg16qZVDsPSDFZ8g==}
    engines: {node: '>=14.21.3'}
    cpu: [arm64]
    os: [win32]

  '@biomejs/cli-win32-x64@1.7.2':
    resolution: {integrity: sha512-qHTtpAs+CNglAAuaTy09htoqUhrQyd3nd0aGTuLNqD10h1llMVi8WFZfoa+e5MuDSfYtMK6nW2Tbf6WgzzR1Qw==}
    engines: {node: '>=14.21.3'}
    cpu: [x64]
    os: [win32]

  dayjs@1.11.13:
    resolution: {integrity: sha512-oaMBel6gjolK862uaPQOVTA7q3TZhuSvuMQAAglQDOWYO9A91IrAOUJEyKVlqJlHE0vq5p5UXxzdPfMH/x6xNg==}

  miniprogram-api-typings@4.0.5:
    resolution: {integrity: sha512-34pYYg4pwjsE752x/zs7QYLL0x0UGBL/IxTuVRRIXbFcv1msDRCWGyZK5KpsDm2P78Fdaw+B80B8R1qbvX6YhQ==}

  tdesign-miniprogram@1.8.8:
    resolution: {integrity: sha512-3Ci/2YJYUDjP04MQHanmqPwQsoIcOORcVMO8aGbnMDkMgDNiJi5hZc0z9AwpiHsHjBAiKhWIdUo2MRacgl4vcg==}

  tinycolor2@1.6.0:
    resolution: {integrity: sha512-XPaBkWQJdsf3pLKJV9p4qN/S+fm2Oj8AIPo1BTUhg5oxkvm9+SVEGFdhyOz7tTdUTfvxMiAs4sp6/eZO2Ew+pw==}

  typescript@5.8.2:
    resolution: {integrity: sha512-aJn6wq13/afZp/jT9QZmwEjDqqvSGp1VT5GVg+f/t6/oVyrgXM6BY1h9BRh/O5p3PlUPAe+WuiEZOmb/49RqoQ==}
    engines: {node: '>=14.17'}
    hasBin: true

snapshots:

  '@biomejs/biome@1.7.2':
    optionalDependencies:
      '@biomejs/cli-darwin-arm64': 1.7.2
      '@biomejs/cli-darwin-x64': 1.7.2
      '@biomejs/cli-linux-arm64': 1.7.2
      '@biomejs/cli-linux-arm64-musl': 1.7.2
      '@biomejs/cli-linux-x64': 1.7.2
      '@biomejs/cli-linux-x64-musl': 1.7.2
      '@biomejs/cli-win32-arm64': 1.7.2
      '@biomejs/cli-win32-x64': 1.7.2

  '@biomejs/cli-darwin-arm64@1.7.2':
    optional: true

  '@biomejs/cli-darwin-x64@1.7.2':
    optional: true

  '@biomejs/cli-linux-arm64-musl@1.7.2':
    optional: true

  '@biomejs/cli-linux-arm64@1.7.2':
    optional: true

  '@biomejs/cli-linux-x64-musl@1.7.2':
    optional: true

  '@biomejs/cli-linux-x64@1.7.2':
    optional: true

  '@biomejs/cli-win32-arm64@1.7.2':
    optional: true

  '@biomejs/cli-win32-x64@1.7.2':
    optional: true

  dayjs@1.11.13: {}

  miniprogram-api-typings@4.0.5: {}

  tdesign-miniprogram@1.8.8:
    dependencies:
      dayjs: 1.11.13
      tinycolor2: 1.6.0

  tinycolor2@1.6.0: {}

  typescript@5.8.2: {}
